
Microsoft Visual Studio Solution File, Format Version 12.00
# Visual Studio 15
VisualStudioVersion = 15.0.28307.271
MinimumVisualStudioVersion = 10.0.40219.1
Project("{FAE04EC0-301F-11D3-BF4B-00C04F79EFBC}") = "site-generator-client", "site-generator-client\site-generator-client.csproj", "{FF5A4B8E-9E09-42B8-B47B-5835894F4684}"
EndProject
Project("{9A19103F-16F7-4668-BE54-9A1E7A4F7556}") = "site-generator-lib", "site-generator-lib\site-generator-lib.csproj", "{07F389F1-7171-48F2-BDDF-C240EC7784D0}"
EndProject
Global
	GlobalSection(SolutionConfigurationPlatforms) = preSolution
		Debug|Any CPU = Debug|Any CPU
		Release|Any CPU = Release|Any CPU
	EndGlobalSection
	GlobalSection(ProjectConfigurationPlatforms) = postSolution
		{FF5A4B8E-9E09-42B8-B47B-5835894F4684}.Debug|Any CPU.ActiveCfg = Debug|Any CPU
		{FF5A4B8E-9E09-42B8-B47B-5835894F4684}.Debug|Any CPU.Build.0 = Debug|Any CPU
		{FF5A4B8E-9E09-42B8-B47B-5835894F4684}.Release|Any CPU.ActiveCfg = Release|Any CPU
		{FF5A4B8E-9E09-42B8-B47B-5835894F4684}.Release|Any CPU.Build.0 = Release|Any CPU
		{07F389F1-7171-48F2-BDDF-C240EC7784D0}.Debug|Any CPU.ActiveCfg = Debug|Any CPU
		{07F389F1-7171-48F2-BDDF-C240EC7784D0}.Debug|Any CPU.Build.0 = Debug|Any CPU
		{07F389F1-7171-48F2-BDDF-C240EC7784D0}.Release|Any CPU.ActiveCfg = Release|Any CPU
		{07F389F1-7171-48F2-BDDF-C240EC7784D0}.Release|Any CPU.Build.0 = Release|Any CPU
	EndGlobalSection
	GlobalSection(SolutionProperties) = preSolution
		HideSolutionNode = FALSE
	EndGlobalSection
	GlobalSection(ExtensibilityGlobals) = postSolution
		SolutionGuid = {59988C62-EBCB-499A-AAE4-4164ADC053EF}
	EndGlobalSection
EndGlobal
